// !$*UTF8*$!
{
	archiveVersion = 1;
	classes = {
	};
	objectVersion = 55;
	objects = {

/* Begin PBXBuildFile section */
		9A80EF68295244A200657424 /* AppDelegate.swift in Sources */ = {isa = PBXBuildFile; fileRef = 9A80EF67295244A200657424 /* AppDelegate.swift */; };
		9A80EF6A295244A200657424 /* SceneDelegate.swift in Sources */ = {isa = PBXBuildFile; fileRef = 9A80EF69295244A200657424 /* SceneDelegate.swift */; };
		9A80EF6C295244A200657424 /* ViewController.swift in Sources */ = {isa = PBXBuildFile; fileRef = 9A80EF6B295244A200657424 /* ViewController.swift */; };
		9A80EF6F295244A200657424 /* Main.storyboard in Resources */ = {isa = PBXBuildFile; fileRef = 9A80EF6D295244A200657424 /* Main.storyboard */; };
		9A80EF71295244A400657424 /* Assets.xcassets in Resources */ = {isa = PBXBuildFile; fileRef = 9A80EF70295244A400657424 /* Assets.xcassets */; };
		9A80EF74295244A400657424 /* LaunchScreen.storyboard in Resources */ = {isa = PBXBuildFile; fileRef = 9A80EF72295244A400657424 /* LaunchScreen.storyboard */; };
		9A80EF7F295244A500657424 /* Physics_Kinematics_SolverTests.swift in Sources */ = {isa = PBXBuildFile; fileRef = 9A80EF7E295244A500657424 /* Physics_Kinematics_SolverTests.swift */; };
		9A80EF89295244A500657424 /* Physics_Kinematics_SolverUITests.swift in Sources */ = {isa = PBXBuildFile; fileRef = 9A80EF88295244A500657424 /* Physics_Kinematics_SolverUITests.swift */; };
		9A80EF8B295244A500657424 /* Physics_Kinematics_SolverUITestsLaunchTests.swift in Sources */ = {isa = PBXBuildFile; fileRef = 9A80EF8A295244A500657424 /* Physics_Kinematics_SolverUITestsLaunchTests.swift */; };
/* End PBXBuildFile section */

/* Begin PBXContainerItemProxy section */
		9A80EF7B295244A500657424 /* PBXContainerItemProxy */ = {
			isa = PBXContainerItemProxy;
			containerPortal = 9A80EF5C295244A200657424 /* Project object */;
			proxyType = 1;
			remoteGlobalIDString = 9A80EF63295244A200657424;
			remoteInfo = "Physics Kinematics Solver";
		};
		9A80EF85295244A500657424 /* PBXContainerItemProxy */ = {
			isa = PBXContainerItemProxy;
			containerPortal = 9A80EF5C295244A200657424 /* Project object */;
			proxyType = 1;
			remoteGlobalIDString = 9A80EF63295244A200657424;
			remoteInfo = "Physics Kinematics Solver";
		};
/* End PBXContainerItemProxy section */

/* Begin PBXFileReference section */
		9A80EF64295244A200657424 /* Physics Kinematics Solver.app */ = {isa = PBXFileReference; explicitFileType = wrapper.application; includeInIndex = 0; path = "Physics Kinematics Solver.app"; sourceTree = BUILT_PRODUCTS_DIR; };
		9A80EF67295244A200657424 /* AppDelegate.swift */ = {isa = PBXFileReference; lastKnownFileType = sourcecode.swift; path = AppDelegate.swift; sourceTree = "<group>"; };
		9A80EF69295244A200657424 /* SceneDelegate.swift */ = {isa = PBXFileReference; lastKnownFileType = sourcecode.swift; path = SceneDelegate.swift; sourceTree = "<group>"; };
		9A80EF6B295244A200657424 /* ViewController.swift */ = {isa = PBXFileReference; lastKnownFileType = sourcecode.swift; path = ViewController.swift; sourceTree = "<group>"; };
		9A80EF6E295244A200657424 /* Base */ = {isa = PBXFileReference; lastKnownFileType = file.storyboard; name = Base; path = Base.lproj/Main.storyboard; sourceTree = "<group>"; };
		9A80EF70295244A400657424 /* Assets.xcassets */ = {isa = PBXFileReference; lastKnownFileType = folder.assetcatalog; path = Assets.xcassets; sourceTree = "<group>"; };
		9A80EF73295244A400657424 /* Base */ = {isa = PBXFileReference; lastKnownFileType = file.storyboard; name = Base; path = Base.lproj/LaunchScreen.storyboard; sourceTree = "<group>"; };
		9A80EF75295244A400657424 /* Info.plist */ = {isa = PBXFileReference; lastKnownFileType = text.plist.xml; path = Info.plist; sourceTree = "<group>"; };
		9A80EF7A295244A500657424 /* Physics Kinematics SolverTests.xctest */ = {isa = PBXFileReference; explicitFileType = wrapper.cfbundle; includeInIndex = 0; path = "Physics Kinematics SolverTests.xctest"; sourceTree = BUILT_PRODUCTS_DIR; };
		9A80EF7E295244A500657424 /* Physics_Kinematics_SolverTests.swift */ = {isa = PBXFileReference; lastKnownFileType = sourcecode.swift; path = Physics_Kinematics_SolverTests.swift; sourceTree = "<group>"; };
		9A80EF84295244A500657424 /* Physics Kinematics SolverUITests.xctest */ = {isa = PBXFileReference; explicitFileType = wrapper.cfbundle; includeInIndex = 0; path = "Physics Kinematics SolverUITests.xctest"; sourceTree = BUILT_PRODUCTS_DIR; };
		9A80EF88295244A500657424 /* Physics_Kinematics_SolverUITests.swift */ = {isa = PBXFileReference; lastKnownFileType = sourcecode.swift; path = Physics_Kinematics_SolverUITests.swift; sourceTree = "<group>"; };
		9A80EF8A295244A500657424 /* Physics_Kinematics_SolverUITestsLaunchTests.swift */ = {isa = PBXFileReference; lastKnownFileType = sourcecode.swift; path = Physics_Kinematics_SolverUITestsLaunchTests.swift; sourceTree = "<group>"; };
/* End PBXFileReference section */

/* Begin PBXFrameworksBuildPhase section */
		9A80EF61295244A200657424 /* Frameworks */ = {
			isa = PBXFrameworksBuildPhase;
			buildActionMask = 2147483647;
			files = (
			);
			runOnlyForDeploymentPostprocessing = 0;
		};
		9A80EF77295244A500657424 /* Frameworks */ = {
			isa = PBXFrameworksBuildPhase;
			buildActionMask = 2147483647;
			files = (
			);
			runOnlyForDeploymentPostprocessing = 0;
		};
		9A80EF81295244A500657424 /* Frameworks */ = {
			isa = PBXFrameworksBuildPhase;
			buildActionMask = 2147483647;
			files = (
			);
			runOnlyForDeploymentPostprocessing = 0;
		};
/* End PBXFrameworksBuildPhase section */

/* Begin PBXGroup section */
		9A80EF5B295244A200657424 = {
			isa = PBXGroup;
			children = (
				9A80EF66295244A200657424 /* Physics Kinematics Solver */,
				9A80EF7D295244A500657424 /* Physics Kinematics SolverTests */,
				9A80EF87295244A500657424 /* Physics Kinematics SolverUITests */,
				9A80EF65295244A200657424 /* Products */,
			);
			sourceTree = "<group>";
		};
		9A80EF65295244A200657424 /* Products */ = {
			isa = PBXGroup;
			children = (
				9A80EF64295244A200657424 /* Physics Kinematics Solver.app */,
				9A80EF7A295244A500657424 /* Physics Kinematics SolverTests.xctest */,
				9A80EF84295244A500657424 /* Physics Kinematics SolverUITests.xctest */,
			);
			name = Products;
			sourceTree = "<group>";
		};
		9A80EF66295244A200657424 /* Physics Kinematics Solver */ = {
			isa = PBXGroup;
			children = (
				9A80EF67295244A200657424 /* AppDelegate.swift */,
				9A80EF69295244A200657424 /* SceneDelegate.swift */,
				9A80EF6B295244A200657424 /* ViewController.swift */,
				9A80EF6D295244A200657424 /* Main.storyboard */,
				9A80EF70295244A400657424 /* Assets.xcassets */,
				9A80EF72295244A400657424 /* LaunchScreen.storyboard */,
				9A80EF75295244A400657424 /* Info.plist */,
			);
			path = "Physics Kinematics Solver";
			sourceTree = "<group>";
		};
		9A80EF7D295244A500657424 /* Physics Kinematics SolverTests */ = {
			isa = PBXGroup;
			children = (
				9A80EF7E295244A500657424 /* Physics_Kinematics_SolverTests.swift */,
			);
			path = "Physics Kinematics SolverTests";
			sourceTree = "<group>";
		};
		9A80EF87295244A500657424 /* Physics Kinematics SolverUITests */ = {
			isa = PBXGroup;
			children = (
				9A80EF88295244A500657424 /* Physics_Kinematics_SolverUITests.swift */,
				9A80EF8A295244A500657424 /* Physics_Kinematics_SolverUITestsLaunchTests.swift */,
			);
			path = "Physics Kinematics SolverUITests";
			sourceTree = "<group>";
		};
/* End PBXGroup section */

/* Begin PBXNativeTarget section */
		9A80EF63295244A200657424 /* Physics Kinematics Solver */ = {
			isa = PBXNativeTarget;
			buildConfigurationList = 9A80EF8E295244A500657424 /* Build configuration list for PBXNativeTarget "Physics Kinematics Solver" */;
			buildPhases = (
				9A80EF60295244A200657424 /* Sources */,
				9A80EF61295244A200657424 /* Frameworks */,
				9A80EF62295244A200657424 /* Resources */,
			);
			buildRules = (
			);
			dependencies = (
			);
			name = "Physics Kinematics Solver";
			productName = "Physics Kinematics Solver";
			productReference = 9A80EF64295244A200657424 /* Physics Kinematics Solver.app */;
			productType = "com.apple.product-type.application";
		};
		9A80EF79295244A500657424 /* Physics Kinematics SolverTests */ = {
			isa = PBXNativeTarget;
			buildConfigurationList = 9A80EF91295244A500657424 /* Build configuration list for PBXNativeTarget "Physics Kinematics SolverTests" */;
			buildPhases = (
				9A80EF76295244A500657424 /* Sources */,
				9A80EF77295244A500657424 /* Frameworks */,
				9A80EF78295244A500657424 /* Resources */,
			);
			buildRules = (
			);
			dependencies = (
				9A80EF7C295244A500657424 /* PBXTargetDependency */,
			);
			name = "Physics Kinematics SolverTests";
			productName = "Physics Kinematics SolverTests";
			productReference = 9A80EF7A295244A500657424 /* Physics Kinematics SolverTests.xctest */;
			productType = "com.apple.product-type.bundle.unit-test";
		};
		9A80EF83295244A500657424 /* Physics Kinematics SolverUITests */ = {
			isa = PBXNativeTarget;
			buildConfigurationList = 9A80EF94295244A500657424 /* Build configuration list for PBXNativeTarget "Physics Kinematics SolverUITests" */;
			buildPhases = (
				9A80EF80295244A500657424 /* Sources */,
				9A80EF81295244A500657424 /* Frameworks */,
				9A80EF82295244A500657424 /* Resources */,
			);
			buildRules = (
			);
			dependencies = (
				9A80EF86295244A500657424 /* PBXTargetDependency */,
			);
			name = "Physics Kinematics SolverUITests";
			productName = "Physics Kinematics SolverUITests";
			productReference = 9A80EF84295244A500657424 /* Physics Kinematics SolverUITests.xctest */;
			productType = "com.apple.product-type.bundle.ui-testing";
		};
/* End PBXNativeTarget section */

/* Begin PBXProject section */
		9A80EF5C295244A200657424 /* Project object */ = {
			isa = PBXProject;
			attributes = {
				BuildIndependentTargetsInParallel = 1;
				LastSwiftUpdateCheck = 1340;
				LastUpgradeCheck = 1340;
				TargetAttributes = {
					9A80EF63295244A200657424 = {
						CreatedOnToolsVersion = 13.4.1;
					};
					9A80EF79295244A500657424 = {
						CreatedOnToolsVersion = 13.4.1;
						TestTargetID = 9A80EF63295244A200657424;
					};
					9A80EF83295244A500657424 = {
						CreatedOnToolsVersion = 13.4.1;
						TestTargetID = 9A80EF63295244A200657424;
					};
				};
			};
			buildConfigurationList = 9A80EF5F295244A200657424 /* Build configuration list for PBXProject "Physics Kinematics Solver" */;
			compatibilityVersion = "Xcode 13.0";
			developmentRegion = en;
			hasScannedForEncodings = 0;
			knownRegions = (
				en,
				Base,
			);
			mainGroup = 9A80EF5B295244A200657424;
			productRefGroup = 9A80EF65295244A200657424 /* Products */;
			projectDirPath = "";
			projectRoot = "";
			targets = (
				9A80EF63295244A200657424 /* Physics Kinematics Solver */,
				9A80EF79295244A500657424 /* Physics Kinematics SolverTests */,
				9A80EF83295244A500657424 /* Physics Kinematics SolverUITests */,
			);
		};
/* End PBXProject section */

/* Begin PBXResourcesBuildPhase section */
		9A80EF62295244A200657424 /* Resources */ = {
			isa = PBXResourcesBuildPhase;
			buildActionMask = 2147483647;
			files = (
				9A80EF74295244A400657424 /* LaunchScreen.storyboard in Resources */,
				9A80EF71295244A400657424 /* Assets.xcassets in Resources */,
				9A80EF6F295244A200657424 /* Main.storyboard in Resources */,
			);
			runOnlyForDeploymentPostprocessing = 0;
		};
		9A80EF78295244A500657424 /* Resources */ = {
			isa = PBXResourcesBuildPhase;
			buildActionMask = 2147483647;
			files = (
			);
			runOnlyForDeploymentPostprocessing = 0;
		};
		9A80EF82295244A500657424 /* Resources */ = {
			isa = PBXResourcesBuildPhase;
			buildActionMask = 2147483647;
			files = (
			);
			runOnlyForDeploymentPostprocessing = 0;
		};
/* End PBXResourcesBuildPhase section */

/* Begin PBXSourcesBuildPhase section */
		9A80EF60295244A200657424 /* Sources */ = {
			isa = PBXSourcesBuildPhase;
			buildActionMask = 2147483647;
			files = (
				9A80EF6C295244A200657424 /* ViewController.swift in Sources */,
				9A80EF68295244A200657424 /* AppDelegate.swift in Sources */,
				9A80EF6A295244A200657424 /* SceneDelegate.swift in Sources */,
			);
			runOnlyForDeploymentPostprocessing = 0;
		};
		9A80EF76295244A500657424 /* Sources */ = {
			isa = PBXSourcesBuildPhase;
			buildActionMask = 2147483647;
			files = (
				9A80EF7F295244A500657424 /* Physics_Kinematics_SolverTests.swift in Sources */,
			);
			runOnlyForDeploymentPostprocessing = 0;
		};
		9A80EF80295244A500657424 /* Sources */ = {
			isa = PBXSourcesBuildPhase;
			buildActionMask = 2147483647;
			files = (
				9A80EF89295244A500657424 /* Physics_Kinematics_SolverUITests.swift in Sources */,
				9A80EF8B295244A500657424 /* Physics_Kinematics_SolverUITestsLaunchTests.swift in Sources */,
			);
			runOnlyForDeploymentPostprocessing = 0;
		};
/* End PBXSourcesBuildPhase section */

/* Begin PBXTargetDependency section */
		9A80EF7C295244A500657424 /* PBXTargetDependency */ = {
			isa = PBXTargetDependency;
			target = 9A80EF63295244A200657424 /* Physics Kinematics Solver */;
			targetProxy = 9A80EF7B295244A500657424 /* PBXContainerItemProxy */;
		};
		9A80EF86295244A500657424 /* PBXTargetDependency */ = {
			isa = PBXTargetDependency;
			target = 9A80EF63295244A200657424 /* Physics Kinematics Solver */;
			targetProxy = 9A80EF85295244A500657424 /* PBXContainerItemProxy */;
		};
/* End PBXTargetDependency section */

/* Begin PBXVariantGroup section */
		9A80EF6D295244A200657424 /* Main.storyboard */ = {
			isa = PBXVariantGroup;
			children = (
				9A80EF6E295244A200657424 /* Base */,
			);
			name = Main.storyboard;
			sourceTree = "<group>";
		};
		9A80EF72295244A400657424 /* LaunchScreen.storyboard */ = {
			isa = PBXVariantGroup;
			children = (
				9A80EF73295244A400657424 /* Base */,
			);
			name = LaunchScreen.storyboard;
			sourceTree = "<group>";
		};
/* End PBXVariantGroup section */

/* Begin XCBuildConfiguration section */
		9A80EF8C295244A500657424 /* Debug */ = {
			isa = XCBuildConfiguration;
			buildSettings = {
				ALWAYS_SEARCH_USER_PATHS = NO;
				CLANG_ANALYZER_NONNULL = YES;
				CLANG_ANALYZER_NUMBER_OBJECT_CONVERSION = YES_AGGRESSIVE;
				CLANG_CXX_LANGUAGE_STANDARD = "gnu++17";
				CLANG_ENABLE_MODULES = YES;
				CLANG_ENABLE_OBJC_ARC = YES;
				CLANG_ENABLE_OBJC_WEAK = YES;
				CLANG_WARN_BLOCK_CAPTURE_AUTORELEASING = YES;
				CLANG_WARN_BOOL_CONVERSION = YES;
				CLANG_WARN_COMMA = YES;
				CLANG_WARN_CONSTANT_CONVERSION = YES;
				CLANG_WARN_DEPRECATED_OBJC_IMPLEMENTATIONS = YES;
				CLANG_WARN_DIRECT_OBJC_ISA_USAGE = YES_ERROR;
				CLANG_WARN_DOCUMENTATION_COMMENTS = YES;
				CLANG_WARN_EMPTY_BODY = YES;
				CLANG_WARN_ENUM_CONVERSION = YES;
				CLANG_WARN_INFINITE_RECURSION = YES;
				CLANG_WARN_INT_CONVERSION = YES;
				CLANG_WARN_NON_LITERAL_NULL_CONVERSION = YES;
				CLANG_WARN_OBJC_IMPLICIT_RETAIN_SELF = YES;
				CLANG_WARN_OBJC_LITERAL_CONVERSION = YES;
				CLANG_WARN_OBJC_ROOT_CLASS = YES_ERROR;
				CLANG_WARN_QUOTED_INCLUDE_IN_FRAMEWORK_HEADER = YES;
				CLANG_WARN_RANGE_LOOP_ANALYSIS = YES;
				CLANG_WARN_STRICT_PROTOTYPES = YES;
				CLANG_WARN_SUSPICIOUS_MOVE = YES;
				CLANG_WARN_UNGUARDED_AVAILABILITY = YES_AGGRESSIVE;
				CLANG_WARN_UNREACHABLE_CODE = YES;
				CLANG_WARN__DUPLICATE_METHOD_MATCH = YES;
				COPY_PHASE_STRIP = NO;
				DEBUG_INFORMATION_FORMAT = dwarf;
				ENABLE_STRICT_OBJC_MSGSEND = YES;
				ENABLE_TESTABILITY = YES;
				GCC_C_LANGUAGE_STANDARD = gnu11;
				GCC_DYNAMIC_NO_PIC = NO;
				GCC_NO_COMMON_BLOCKS = YES;
				GCC_OPTIMIZATION_LEVEL = 0;
				GCC_PREPROCESSOR_DEFINITIONS = (
					"DEBUG=1",
					"$(inherited)",
				);
				GCC_WARN_64_TO_32_BIT_CONVERSION = YES;
				GCC_WARN_ABOUT_RETURN_TYPE = YES_ERROR;
				GCC_WARN_UNDECLARED_SELECTOR = YES;
				GCC_WARN_UNINITIALIZED_AUTOS = YES_AGGRESSIVE;
				GCC_WARN_UNUSED_FUNCTION = YES;
				GCC_WARN_UNUSED_VARIABLE = YES;
				IPHONEOS_DEPLOYMENT_TARGET = 15.5;
				MTL_ENABLE_DEBUG_INFO = INCLUDE_SOURCE;
				MTL_FAST_MATH = YES;
				ONLY_ACTIVE_ARCH = YES;
				SDKROOT = iphoneos;
				SWIFT_ACTIVE_COMPILATION_CONDITIONS = DEBUG;
				SWIFT_OPTIMIZATION_LEVEL = "-Onone";
			};
			name = Debug;
		};
		9A80EF8D295244A500657424 /* Release */ = {
			isa = XCBuildConfiguration;
			buildSettings = {
				ALWAYS_SEARCH_USER_PATHS = NO;
				CLANG_ANALYZER_NONNULL = YES;
				CLANG_ANALYZER_NUMBER_OBJECT_CONVERSION = YES_AGGRESSIVE;
				CLANG_CXX_LANGUAGE_STANDARD = "gnu++17";
				CLANG_ENABLE_MODULES = YES;
				CLANG_ENABLE_OBJC_ARC = YES;
				CLANG_ENABLE_OBJC_WEAK = YES;
				CLANG_WARN_BLOCK_CAPTURE_AUTORELEASING = YES;
				CLANG_WARN_BOOL_CONVERSION = YES;
				CLANG_WARN_COMMA = YES;
				CLANG_WARN_CONSTANT_CONVERSION = YES;
				CLANG_WARN_DEPRECATED_OBJC_IMPLEMENTATIONS = YES;
				CLANG_WARN_DIRECT_OBJC_ISA_USAGE = YES_ERROR;
				CLANG_WARN_DOCUMENTATION_COMMENTS = YES;
				CLANG_WARN_EMPTY_BODY = YES;
				CLANG_WARN_ENUM_CONVERSION = YES;
				CLANG_WARN_INFINITE_RECURSION = YES;
				CLANG_WARN_INT_CONVERSION = YES;
				CLANG_WARN_NON_LITERAL_NULL_CONVERSION = YES;
				CLANG_WARN_OBJC_IMPLICIT_RETAIN_SELF = YES;
				CLANG_WARN_OBJC_LITERAL_CONVERSION = YES;
				CLANG_WARN_OBJC_ROOT_CLASS = YES_ERROR;
				CLANG_WARN_QUOTED_INCLUDE_IN_FRAMEWORK_HEADER = YES;
				CLANG_WARN_RANGE_LOOP_ANALYSIS = YES;
				CLANG_WARN_STRICT_PROTOTYPES = YES;
				CLANG_WARN_SUSPICIOUS_MOVE = YES;
				CLANG_WARN_UNGUARDED_AVAILABILITY = YES_AGGRESSIVE;
				CLANG_WARN_UNREACHABLE_CODE = YES;
				CLANG_WARN__DUPLICATE_METHOD_MATCH = YES;
				COPY_PHASE_STRIP = NO;
				DEBUG_INFORMATION_FORMAT = "dwarf-with-dsym";
				ENABLE_NS_ASSERTIONS = NO;
				ENABLE_STRICT_OBJC_MSGSEND = YES;
				GCC_C_LANGUAGE_STANDARD = gnu11;
				GCC_NO_COMMON_BLOCKS = YES;
				GCC_WARN_64_TO_32_BIT_CONVERSION = YES;
				GCC_WARN_ABOUT_RETURN_TYPE = YES_ERROR;
				GCC_WARN_UNDECLARED_SELECTOR = YES;
				GCC_WARN_UNINITIALIZED_AUTOS = YES_AGGRESSIVE;
				GCC_WARN_UNUSED_FUNCTION = YES;
				GCC_WARN_UNUSED_VARIABLE = YES;
				IPHONEOS_DEPLOYMENT_TARGET = 15.5;
				MTL_ENABLE_DEBUG_INFO = NO;
				MTL_FAST_MATH = YES;
				SDKROOT = iphoneos;
				SWIFT_COMPILATION_MODE = wholemodule;
				SWIFT_OPTIMIZATION_LEVEL = "-O";
				VALIDATE_PRODUCT = YES;
			};
			name = Release;
		};
		9A80EF8F295244A500657424 /* Debug */ = {
			isa = XCBuildConfiguration;
			buildSettings = {
				ASSETCATALOG_COMPILER_APPICON_NAME = AppIcon;
				ASSETCATALOG_COMPILER_GLOBAL_ACCENT_COLOR_NAME = AccentColor;
				CODE_SIGN_STYLE = Automatic;
				CURRENT_PROJECT_VERSION = 1;
				DEVELOPMENT_TEAM = 55ABPP4LC8;
				GENERATE_INFOPLIST_FILE = YES;
				INFOPLIST_FILE = "Physics Kinematics Solver/Info.plist";
				INFOPLIST_KEY_UIApplicationSupportsIndirectInputEvents = YES;
				INFOPLIST_KEY_UILaunchStoryboardName = LaunchScreen;
				INFOPLIST_KEY_UIMainStoryboardFile = Main;
				INFOPLIST_KEY_UISupportedInterfaceOrientations_iPad = "UIInterfaceOrientationPortrait UIInterfaceOrientationPortraitUpsideDown UIInterfaceOrientationLandscapeLeft UIInterfaceOrientationLandscapeRight";
				INFOPLIST_KEY_UISupportedInterfaceOrientations_iPhone = "UIInterfaceOrientationPortrait UIInterfaceOrientationLandscapeLeft UIInterfaceOrientationLandscapeRight";
				IPHONEOS_DEPLOYMENT_TARGET = 15.5;
				LD_RUNPATH_SEARCH_PATHS = (
					"$(inherited)",
					"@executable_path/Frameworks",
				);
				MARKETING_VERSION = 1.0;
				PRODUCT_BUNDLE_IDENTIFIER = "com.jayatal.Physics-Kinematics-Solver";
				PRODUCT_NAME = "$(TARGET_NAME)";
				SWIFT_EMIT_LOC_STRINGS = YES;
				SWIFT_VERSION = 5.0;
				TARGETED_DEVICE_FAMILY = "1,2";
			};
			name = Debug;
		};
		9A80EF90295244A500657424 /* Release */ = {
			isa = XCBuildConfiguration;
			buildSettings = {
				ASSETCATALOG_COMPILER_APPICON_NAME = AppIcon;
				ASSETCATALOG_COMPILER_GLOBAL_ACCENT_COLOR_NAME = AccentColor;
				CODE_SIGN_STYLE = Automatic;
				CURRENT_PROJECT_VERSION = 1;
				DEVELOPMENT_TEAM = 55ABPP4LC8;
				GENERATE_INFOPLIST_FILE = YES;
				INFOPLIST_FILE = "Physics Kinematics Solver/Info.plist";
				INFOPLIST_KEY_UIApplicationSupportsIndirectInputEvents = YES;
				INFOPLIST_KEY_UILaunchStoryboardName = LaunchScreen;
				INFOPLIST_KEY_UIMainStoryboardFile = Main;
				INFOPLIST_KEY_UISupportedInterfaceOrientations_iPad = "UIInterfaceOrientationPortrait UIInterfaceOrientationPortraitUpsideDown UIInterfaceOrientationLandscapeLeft UIInterfaceOrientationLandscapeRight";
				INFOPLIST_KEY_UISupportedInterfaceOrientations_iPhone = "UIInterfaceOrientationPortrait UIInterfaceOrientationLandscapeLeft UIInterfaceOrientationLandscapeRight";
				IPHONEOS_DEPLOYMENT_TARGET = 15.5;
				LD_RUNPATH_SEARCH_PATHS = (
					"$(inherited)",
					"@executable_path/Frameworks",
				);
				MARKETING_VERSION = 1.0;
				PRODUCT_BUNDLE_IDENTIFIER = "com.jayatal.Physics-Kinematics-Solver";
				PRODUCT_NAME = "$(TARGET_NAME)";
				SWIFT_EMIT_LOC_STRINGS = YES;
				SWIFT_VERSION = 5.0;
				TARGETED_DEVICE_FAMILY = "1,2";
			};
			name = Release;
		};
		9A80EF92295244A500657424 /* Debug */ = {
			isa = XCBuildConfiguration;
			buildSettings = {
				ALWAYS_EMBED_SWIFT_STANDARD_LIBRARIES = YES;
				BUNDLE_LOADER = "$(TEST_HOST)";
				CODE_SIGN_STYLE = Automatic;
				CURRENT_PROJECT_VERSION = 1;
				DEVELOPMENT_TEAM = 55ABPP4LC8;
				GENERATE_INFOPLIST_FILE = YES;
				IPHONEOS_DEPLOYMENT_TARGET = 15.5;
				MARKETING_VERSION = 1.0;
				PRODUCT_BUNDLE_IDENTIFIER = "com.jayatal.Physics-Kinematics-SolverTests";
				PRODUCT_NAME = "$(TARGET_NAME)";
				SWIFT_EMIT_LOC_STRINGS = NO;
				SWIFT_VERSION = 5.0;
				TARGETED_DEVICE_FAMILY = "1,2";
				TEST_HOST = "$(BUILT_PRODUCTS_DIR)/Physics Kinematics Solver.app/Physics Kinematics Solver";
			};
			name = Debug;
		};
		9A80EF93295244A500657424 /* Release */ = {
			isa = XCBuildConfiguration;
			buildSettings = {
				ALWAYS_EMBED_SWIFT_STANDARD_LIBRARIES = YES;
				BUNDLE_LOADER = "$(TEST_HOST)";
				CODE_SIGN_STYLE = Automatic;
				CURRENT_PROJECT_VERSION = 1;
				DEVELOPMENT_TEAM = 55ABPP4LC8;
				GENERATE_INFOPLIST_FILE = YES;
				IPHONEOS_DEPLOYMENT_TARGET = 15.5;
				MARKETING_VERSION = 1.0;
				PRODUCT_BUNDLE_IDENTIFIER = "com.jayatal.Physics-Kinematics-SolverTests";
				PRODUCT_NAME = "$(TARGET_NAME)";
				SWIFT_EMIT_LOC_STRINGS = NO;
				SWIFT_VERSION = 5.0;
				TARGETED_DEVICE_FAMILY = "1,2";
				TEST_HOST = "$(BUILT_PRODUCTS_DIR)/Physics Kinematics Solver.app/Physics Kinematics Solver";
			};
			name = Release;
		};
		9A80EF95295244A500657424 /* Debug */ = {
			isa = XCBuildConfiguration;
			buildSettings = {
				ALWAYS_EMBED_SWIFT_STANDARD_LIBRARIES = YES;
				CODE_SIGN_STYLE = Automatic;
				CURRENT_PROJECT_VERSION = 1;
				DEVELOPMENT_TEAM = 55ABPP4LC8;
				GENERATE_INFOPLIST_FILE = YES;
				MARKETING_VERSION = 1.0;
				PRODUCT_BUNDLE_IDENTIFIER = "com.jayatal.Physics-Kinematics-SolverUITests";
				PRODUCT_NAME = "$(TARGET_NAME)";
				SWIFT_EMIT_LOC_STRINGS = NO;
				SWIFT_VERSION = 5.0;
				TARGETED_DEVICE_FAMILY = "1,2";
				TEST_TARGET_NAME = "Physics Kinematics Solver";
			};
			name = Debug;
		};
		9A80EF96295244A500657424 /* Release */ = {
			isa = XCBuildConfiguration;
			buildSettings = {
				ALWAYS_EMBED_SWIFT_STANDARD_LIBRARIES = YES;
				CODE_SIGN_STYLE = Automatic;
				CURRENT_PROJECT_VERSION = 1;
				DEVELOPMENT_TEAM = 55ABPP4LC8;
				GENERATE_INFOPLIST_FILE = YES;
				MARKETING_VERSION = 1.0;
				PRODUCT_BUNDLE_IDENTIFIER = "com.jayatal.Physics-Kinematics-SolverUITests";
				PRODUCT_NAME = "$(TARGET_NAME)";
				SWIFT_EMIT_LOC_STRINGS = NO;
				SWIFT_VERSION = 5.0;
				TARGETED_DEVICE_FAMILY = "1,2";
				TEST_TARGET_NAME = "Physics Kinematics Solver";
			};
			name = Release;
		};
/* End XCBuildConfiguration section */

/* Begin XCConfigurationList section */
		9A80EF5F295244A200657424 /* Build configuration list for PBXProject "Physics Kinematics Solver" */ = {
			isa = XCConfigurationList;
			buildConfigurations = (
				9A80EF8C295244A500657424 /* Debug */,
				9A80EF8D295244A500657424 /* Release */,
			);
			defaultConfigurationIsVisible = 0;
			defaultConfigurationName = Release;
		};
		9A80EF8E295244A500657424 /* Build configuration list for PBXNativeTarget "Physics Kinematics Solver" */ = {
			isa = XCConfigurationList;
			buildConfigurations = (
				9A80EF8F295244A500657424 /* Debug */,
				9A80EF90295244A500657424 /* Release */,
			);
			defaultConfigurationIsVisible = 0;
			defaultConfigurationName = Release;
		};
		9A80EF91295244A500657424 /* Build configuration list for PBXNativeTarget "Physics Kinematics SolverTests" */ = {
			isa = XCConfigurationList;
			buildConfigurations = (
				9A80EF92295244A500657424 /* Debug */,
				9A80EF93295244A500657424 /* Release */,
			);
			defaultConfigurationIsVisible = 0;
			defaultConfigurationName = Release;
		};
		9A80EF94295244A500657424 /* Build configuration list for PBXNativeTarget "Physics Kinematics SolverUITests" */ = {
			isa = XCConfigurationList;
			buildConfigurations = (
				9A80EF95295244A500657424 /* Debug */,
				9A80EF96295244A500657424 /* Release */,
			);
			defaultConfigurationIsVisible = 0;
			defaultConfigurationName = Release;
		};
/* End XCConfigurationList section */
	};
	rootObject = 9A80EF5C295244A200657424 /* Project object */;
}
